{
    "_readme": [
        "This file locks the dependencies of your project to a known state",
        "Read more about it at https://getcomposer.org/doc/01-basic-usage.md#installing-dependencies",
        "This file is @generated automatically"
    ],
    "content-hash": "549a1d7530a39623197792e4d633ef34",
    "packages": [],
    "packages-dev": [],
    "aliases": [],
    "minimum-stability": "stable",
    "stability-flags": [],
    "prefer-stable": false,
    "prefer-lowest": false,
    "platform": {
        "php": "8.2.7",
        "ext-pdo": "8.2.7",
        "ext-pdo_mysql": "8.2.7"
    },
    "platform-dev": [],
    "plugin-api-version": "2.3.0"
}
